
Microsoft Visual Studio Solution File, Format Version 12.00
# Visual Studio Version 17
VisualStudioVersion = 17.8.34525.116
MinimumVisualStudioVersion = 10.0.40219.1
Project("{FAE04EC0-301F-11D3-BF4B-00C04F79EFBC}") = "NextStop", "NextStop\NextStop.csproj", "{A4DE9420-FD48-48E3-9836-71EC162EEB40}"
EndProject
Project("{FAE04EC0-301F-11D3-BF4B-00C04F79EFBC}") = "Domain", "Domain\Domain.csproj", "{F698B862-A4E5-4AE7-BC77-128D727D6F34}"
EndProject
Project("{FAE04EC0-301F-11D3-BF4B-00C04F79EFBC}") = "Repository", "Repository\Repository.csproj", "{051C9CD5-DDD5-4853-A2E0-79D45DA15E8A}"
EndProject
Project("{FAE04EC0-301F-11D3-BF4B-00C04F79EFBC}") = "Service", "Service\Service.csproj", "{CFA27985-4BF7-4FE4-805C-E284701A0FAA}"
EndProject
Global
	GlobalSection(SolutionConfigurationPlatforms) = preSolution
		Debug|Any CPU = Debug|Any CPU
		Release|Any CPU = Release|Any CPU
	EndGlobalSection
	GlobalSection(ProjectConfigurationPlatforms) = postSolution
		{A4DE9420-FD48-48E3-9836-71EC162EEB40}.Debug|Any CPU.ActiveCfg = Debug|Any CPU
		{A4DE9420-FD48-48E3-9836-71EC162EEB40}.Debug|Any CPU.Build.0 = Debug|Any CPU
		{A4DE9420-FD48-48E3-9836-71EC162EEB40}.Release|Any CPU.ActiveCfg = Release|Any CPU
		{A4DE9420-FD48-48E3-9836-71EC162EEB40}.Release|Any CPU.Build.0 = Release|Any CPU
		{F698B862-A4E5-4AE7-BC77-128D727D6F34}.Debug|Any CPU.ActiveCfg = Debug|Any CPU
		{F698B862-A4E5-4AE7-BC77-128D727D6F34}.Debug|Any CPU.Build.0 = Debug|Any CPU
		{F698B862-A4E5-4AE7-BC77-128D727D6F34}.Release|Any CPU.ActiveCfg = Release|Any CPU
		{F698B862-A4E5-4AE7-BC77-128D727D6F34}.Release|Any CPU.Build.0 = Release|Any CPU
		{051C9CD5-DDD5-4853-A2E0-79D45DA15E8A}.Debug|Any CPU.ActiveCfg = Debug|Any CPU
		{051C9CD5-DDD5-4853-A2E0-79D45DA15E8A}.Debug|Any CPU.Build.0 = Debug|Any CPU
		{051C9CD5-DDD5-4853-A2E0-79D45DA15E8A}.Release|Any CPU.ActiveCfg = Release|Any CPU
		{051C9CD5-DDD5-4853-A2E0-79D45DA15E8A}.Release|Any CPU.Build.0 = Release|Any CPU
		{CFA27985-4BF7-4FE4-805C-E284701A0FAA}.Debug|Any CPU.ActiveCfg = Debug|Any CPU
		{CFA27985-4BF7-4FE4-805C-E284701A0FAA}.Debug|Any CPU.Build.0 = Debug|Any CPU
		{CFA27985-4BF7-4FE4-805C-E284701A0FAA}.Release|Any CPU.ActiveCfg = Release|Any CPU
		{CFA27985-4BF7-4FE4-805C-E284701A0FAA}.Release|Any CPU.Build.0 = Release|Any CPU
	EndGlobalSection
	GlobalSection(SolutionProperties) = preSolution
		HideSolutionNode = FALSE
	EndGlobalSection
	GlobalSection(ExtensibilityGlobals) = postSolution
		SolutionGuid = {DA8DDEA5-3368-4969-A5CE-9050036DA64E}
	EndGlobalSection
EndGlobal
